
Microsoft Visual Studio Solution File, Format Version 12.00
# Visual Studio 15
VisualStudioVersion = 15.0.27703.2042
MinimumVisualStudioVersion = 10.0.40219.1
Project("{FAE04EC0-301F-11D3-BF4B-00C04F79EFBC}") = "Midterm", "Midterm\Midterm.csproj", "{E824B0CC-06EE-4DB0-AB98-6C66942CB3FF}"
EndProject
Global
	GlobalSection(SolutionConfigurationPlatforms) = preSolution
		Debug|Any CPU = Debug|Any CPU
		Release|Any CPU = Release|Any CPU
	EndGlobalSection
	GlobalSection(ProjectConfigurationPlatforms) = postSolution
		{E824B0CC-06EE-4DB0-AB98-6C66942CB3FF}.Debug|Any CPU.ActiveCfg = Debug|Any CPU
		{E824B0CC-06EE-4DB0-AB98-6C66942CB3FF}.Debug|Any CPU.Build.0 = Debug|Any CPU
		{E824B0CC-06EE-4DB0-AB98-6C66942CB3FF}.Release|Any CPU.ActiveCfg = Release|Any CPU
		{E824B0CC-06EE-4DB0-AB98-6C66942CB3FF}.Release|Any CPU.Build.0 = Release|Any CPU
	EndGlobalSection
	GlobalSection(SolutionProperties) = preSolution
		HideSolutionNode = FALSE
	EndGlobalSection
	GlobalSection(ExtensibilityGlobals) = postSolution
		SolutionGuid = {4F4138E6-19E6-4285-AF4F-42651B26B604}
	EndGlobalSection
EndGlobal
